
Microsoft Visual Studio Solution File, Format Version 12.00
# Visual Studio Version 17
VisualStudioVersion = 17.5.33516.290
MinimumVisualStudioVersion = 10.0.40219.1
Project("{FAE04EC0-301F-11D3-BF4B-00C04F79EFBC}") = "eTickets Project", "eTickets Project\eTickets Project.csproj", "{F2926075-8DDA-4C74-86D3-7FCC34DC879C}"
EndProject
Project("{2150E333-8FDC-42A3-9474-1A3956D46DE8}") = "Solution Items", "Solution Items", "{100E6583-1A4A-437F-A914-335FEE229B84}"
	ProjectSection(SolutionItems) = preProject
		.editorconfig = .editorconfig
	EndProjectSection
EndProject
Global
	GlobalSection(SolutionConfigurationPlatforms) = preSolution
		Debug|Any CPU = Debug|Any CPU
		Release|Any CPU = Release|Any CPU
	EndGlobalSection
	GlobalSection(ProjectConfigurationPlatforms) = postSolution
		{F2926075-8DDA-4C74-86D3-7FCC34DC879C}.Debug|Any CPU.ActiveCfg = Debug|Any CPU
		{F2926075-8DDA-4C74-86D3-7FCC34DC879C}.Debug|Any CPU.Build.0 = Debug|Any CPU
		{F2926075-8DDA-4C74-86D3-7FCC34DC879C}.Release|Any CPU.ActiveCfg = Release|Any CPU
		{F2926075-8DDA-4C74-86D3-7FCC34DC879C}.Release|Any CPU.Build.0 = Release|Any CPU
	EndGlobalSection
	GlobalSection(SolutionProperties) = preSolution
		HideSolutionNode = FALSE
	EndGlobalSection
	GlobalSection(ExtensibilityGlobals) = postSolution
		SolutionGuid = {B3D2E694-9023-4F35-BCB3-FBE2F1805C64}
	EndGlobalSection
EndGlobal
